// !$*UTF8*$!
{
	archiveVersion = 1;
	classes = {
	};
	objectVersion = 50;
	objects = {

/* Begin PBXBuildFile section */
		230BDDFE26BAB66D00518056 /* AppDelegate.m in Sources */ = {isa = PBXBuildFile; fileRef = 230BDDFD26BAB66D00518056 /* AppDelegate.m */; };
		230BDE0126BAB66D00518056 /* SceneDelegate.m in Sources */ = {isa = PBXBuildFile; fileRef = 230BDE0026BAB66D00518056 /* SceneDelegate.m */; };
		230BDE0426BAB66D00518056 /* ViewController.m in Sources */ = {isa = PBXBuildFile; fileRef = 230BDE0326BAB66D00518056 /* ViewController.m */; };
		230BDE0726BAB66D00518056 /* Main.storyboard in Resources */ = {isa = PBXBuildFile; fileRef = 230BDE0526BAB66D00518056 /* Main.storyboard */; };
		230BDE0926BAB67000518056 /* Assets.xcassets in Resources */ = {isa = PBXBuildFile; fileRef = 230BDE0826BAB67000518056 /* Assets.xcassets */; };
		230BDE0C26BAB67000518056 /* LaunchScreen.storyboard in Resources */ = {isa = PBXBuildFile; fileRef = 230BDE0A26BAB67000518056 /* LaunchScreen.storyboard */; };
		230BDE0F26BAB67000518056 /* main.m in Sources */ = {isa = PBXBuildFile; fileRef = 230BDE0E26BAB67000518056 /* main.m */; };
		230BDE3026BABB4D00518056 /* TextCell.m in Sources */ = {isa = PBXBuildFile; fileRef = 230BDE2F26BABB4D00518056 /* TextCell.m */; };
		230BDE3326BABB8B00518056 /* HeaderView.m in Sources */ = {isa = PBXBuildFile; fileRef = 230BDE3226BABB8B00518056 /* HeaderView.m */; };
		230BDE3626BABB9200518056 /* FooterView.m in Sources */ = {isa = PBXBuildFile; fileRef = 230BDE3526BABB9200518056 /* FooterView.m */; };
		230BDE3926BABC7400518056 /* FooterModel.m in Sources */ = {isa = PBXBuildFile; fileRef = 230BDE3826BABC7400518056 /* FooterModel.m */; };
		230BDE3C26BABCC900518056 /* HeaderModel.m in Sources */ = {isa = PBXBuildFile; fileRef = 230BDE3B26BABCC900518056 /* HeaderModel.m */; };
		230BDE3F26BABEE500518056 /* TextCellModel.m in Sources */ = {isa = PBXBuildFile; fileRef = 230BDE3E26BABEE500518056 /* TextCellModel.m */; };
		2312E01E26BE986E00474410 /* MCollectionView.m in Sources */ = {isa = PBXBuildFile; fileRef = 2312E01626BE986E00474410 /* MCollectionView.m */; };
		2312E01F26BE986E00474410 /* MCollectionViewSectionModel.m in Sources */ = {isa = PBXBuildFile; fileRef = 2312E01A26BE986E00474410 /* MCollectionViewSectionModel.m */; };
		2312E02026BE986E00474410 /* UICollectionReusableView+MCollectionView.m in Sources */ = {isa = PBXBuildFile; fileRef = 2312E01B26BE986E00474410 /* UICollectionReusableView+MCollectionView.m */; };
		2312E02226BE986E00474410 /* NSObject+MCollectionView.m in Sources */ = {isa = PBXBuildFile; fileRef = 2312E01D26BE986E00474410 /* NSObject+MCollectionView.m */; };
		234D703F26D4D2730044014E /* TextCell2.m in Sources */ = {isa = PBXBuildFile; fileRef = 234D703E26D4D2730044014E /* TextCell2.m */; };
		23D6E98226D8C4E7001D37BE /* UIView+ViewController.m in Sources */ = {isa = PBXBuildFile; fileRef = 23D6E98026D8C4E7001D37BE /* UIView+ViewController.m */; };
/* End PBXBuildFile section */

/* Begin PBXFileReference section */
		230BDDF926BAB66D00518056 /* McollectionViewTest.app */ = {isa = PBXFileReference; explicitFileType = wrapper.application; includeInIndex = 0; path = McollectionViewTest.app; sourceTree = BUILT_PRODUCTS_DIR; };
		230BDDFC26BAB66D00518056 /* AppDelegate.h */ = {isa = PBXFileReference; lastKnownFileType = sourcecode.c.h; path = AppDelegate.h; sourceTree = "<group>"; };
		230BDDFD26BAB66D00518056 /* AppDelegate.m */ = {isa = PBXFileReference; lastKnownFileType = sourcecode.c.objc; path = AppDelegate.m; sourceTree = "<group>"; };
		230BDDFF26BAB66D00518056 /* SceneDelegate.h */ = {isa = PBXFileReference; lastKnownFileType = sourcecode.c.h; path = SceneDelegate.h; sourceTree = "<group>"; };
		230BDE0026BAB66D00518056 /* SceneDelegate.m */ = {isa = PBXFileReference; lastKnownFileType = sourcecode.c.objc; path = SceneDelegate.m; sourceTree = "<group>"; };
		230BDE0226BAB66D00518056 /* ViewController.h */ = {isa = PBXFileReference; lastKnownFileType = sourcecode.c.h; path = ViewController.h; sourceTree = "<group>"; };
		230BDE0326BAB66D00518056 /* ViewController.m */ = {isa = PBXFileReference; lastKnownFileType = sourcecode.c.objc; path = ViewController.m; sourceTree = "<group>"; };
		230BDE0626BAB66D00518056 /* Base */ = {isa = PBXFileReference; lastKnownFileType = file.storyboard; name = Base; path = Base.lproj/Main.storyboard; sourceTree = "<group>"; };
		230BDE0826BAB67000518056 /* Assets.xcassets */ = {isa = PBXFileReference; lastKnownFileType = folder.assetcatalog; path = Assets.xcassets; sourceTree = "<group>"; };
		230BDE0B26BAB67000518056 /* Base */ = {isa = PBXFileReference; lastKnownFileType = file.storyboard; name = Base; path = Base.lproj/LaunchScreen.storyboard; sourceTree = "<group>"; };
		230BDE0D26BAB67000518056 /* Info.plist */ = {isa = PBXFileReference; lastKnownFileType = text.plist.xml; path = Info.plist; sourceTree = "<group>"; };
		230BDE0E26BAB67000518056 /* main.m */ = {isa = PBXFileReference; lastKnownFileType = sourcecode.c.objc; path = main.m; sourceTree = "<group>"; };
		230BDE2E26BABB4D00518056 /* TextCell.h */ = {isa = PBXFileReference; lastKnownFileType = sourcecode.c.h; path = TextCell.h; sourceTree = "<group>"; };
		230BDE2F26BABB4D00518056 /* TextCell.m */ = {isa = PBXFileReference; lastKnownFileType = sourcecode.c.objc; path = TextCell.m; sourceTree = "<group>"; };
		230BDE3126BABB8B00518056 /* HeaderView.h */ = {isa = PBXFileReference; lastKnownFileType = sourcecode.c.h; path = HeaderView.h; sourceTree = "<group>"; };
		230BDE3226BABB8B00518056 /* HeaderView.m */ = {isa = PBXFileReference; lastKnownFileType = sourcecode.c.objc; path = HeaderView.m; sourceTree = "<group>"; };
		230BDE3426BABB9200518056 /* FooterView.h */ = {isa = PBXFileReference; lastKnownFileType = sourcecode.c.h; path = FooterView.h; sourceTree = "<group>"; };
		230BDE3526BABB9200518056 /* FooterView.m */ = {isa = PBXFileReference; lastKnownFileType = sourcecode.c.objc; path = FooterView.m; sourceTree = "<group>"; };
		230BDE3726BABC7400518056 /* FooterModel.h */ = {isa = PBXFileReference; lastKnownFileType = sourcecode.c.h; path = FooterModel.h; sourceTree = "<group>"; };
		230BDE3826BABC7400518056 /* FooterModel.m */ = {isa = PBXFileReference; lastKnownFileType = sourcecode.c.objc; path = FooterModel.m; sourceTree = "<group>"; };
		230BDE3A26BABCC900518056 /* HeaderModel.h */ = {isa = PBXFileReference; lastKnownFileType = sourcecode.c.h; path = HeaderModel.h; sourceTree = "<group>"; };
		230BDE3B26BABCC900518056 /* HeaderModel.m */ = {isa = PBXFileReference; lastKnownFileType = sourcecode.c.objc; path = HeaderModel.m; sourceTree = "<group>"; };
		230BDE3D26BABEE500518056 /* TextCellModel.h */ = {isa = PBXFileReference; lastKnownFileType = sourcecode.c.h; path = TextCellModel.h; sourceTree = "<group>"; };
		230BDE3E26BABEE500518056 /* TextCellModel.m */ = {isa = PBXFileReference; lastKnownFileType = sourcecode.c.objc; path = TextCellModel.m; sourceTree = "<group>"; };
		2312E01526BE986E00474410 /* UICollectionReusableView+MCollectionView.h */ = {isa = PBXFileReference; fileEncoding = 4; lastKnownFileType = sourcecode.c.h; path = "UICollectionReusableView+MCollectionView.h"; sourceTree = "<group>"; };
		2312E01626BE986E00474410 /* MCollectionView.m */ = {isa = PBXFileReference; fileEncoding = 4; lastKnownFileType = sourcecode.c.objc; path = MCollectionView.m; sourceTree = "<group>"; };
		2312E01726BE986E00474410 /* MCollectionViewSectionModel.h */ = {isa = PBXFileReference; fileEncoding = 4; lastKnownFileType = sourcecode.c.h; path = MCollectionViewSectionModel.h; sourceTree = "<group>"; };
		2312E01826BE986E00474410 /* NSObject+MCollectionView.h */ = {isa = PBXFileReference; fileEncoding = 4; lastKnownFileType = sourcecode.c.h; path = "NSObject+MCollectionView.h"; sourceTree = "<group>"; };
		2312E01926BE986E00474410 /* MCollectionView.h */ = {isa = PBXFileReference; fileEncoding = 4; lastKnownFileType = sourcecode.c.h; path = MCollectionView.h; sourceTree = "<group>"; };
		2312E01A26BE986E00474410 /* MCollectionViewSectionModel.m */ = {isa = PBXFileReference; fileEncoding = 4; lastKnownFileType = sourcecode.c.objc; path = MCollectionViewSectionModel.m; sourceTree = "<group>"; };
		2312E01B26BE986E00474410 /* UICollectionReusableView+MCollectionView.m */ = {isa = PBXFileReference; fileEncoding = 4; lastKnownFileType = sourcecode.c.objc; path = "UICollectionReusableView+MCollectionView.m"; sourceTree = "<group>"; };
		2312E01D26BE986E00474410 /* NSObject+MCollectionView.m */ = {isa = PBXFileReference; fileEncoding = 4; lastKnownFileType = sourcecode.c.objc; path = "NSObject+MCollectionView.m"; sourceTree = "<group>"; };
		234D703526D39BC60044014E /* MCollectionViewDelegate.h */ = {isa = PBXFileReference; lastKnownFileType = sourcecode.c.h; path = MCollectionViewDelegate.h; sourceTree = "<group>"; };
		234D703D26D4D2730044014E /* TextCell2.h */ = {isa = PBXFileReference; lastKnownFileType = sourcecode.c.h; path = TextCell2.h; sourceTree = "<group>"; };
		234D703E26D4D2730044014E /* TextCell2.m */ = {isa = PBXFileReference; lastKnownFileType = sourcecode.c.objc; path = TextCell2.m; sourceTree = "<group>"; };
		23D6E98026D8C4E7001D37BE /* UIView+ViewController.m */ = {isa = PBXFileReference; fileEncoding = 4; lastKnownFileType = sourcecode.c.objc; path = "UIView+ViewController.m"; sourceTree = "<group>"; };
		23D6E98126D8C4E7001D37BE /* UIView+ViewController.h */ = {isa = PBXFileReference; fileEncoding = 4; lastKnownFileType = sourcecode.c.h; path = "UIView+ViewController.h"; sourceTree = "<group>"; };
/* End PBXFileReference section */

/* Begin PBXFrameworksBuildPhase section */
		230BDDF626BAB66D00518056 /* Frameworks */ = {
			isa = PBXFrameworksBuildPhase;
			buildActionMask = 2147483647;
			files = (
			);
			runOnlyForDeploymentPostprocessing = 0;
		};
/* End PBXFrameworksBuildPhase section */

/* Begin PBXGroup section */
		230BDDF026BAB66C00518056 = {
			isa = PBXGroup;
			children = (
				2312E01326BE986E00474410 /* MCollectionView */,
				230BDDFB26BAB66D00518056 /* McollectionViewTest */,
				230BDDFA26BAB66D00518056 /* Products */,
			);
			sourceTree = "<group>";
		};
		230BDDFA26BAB66D00518056 /* Products */ = {
			isa = PBXGroup;
			children = (
				230BDDF926BAB66D00518056 /* McollectionViewTest.app */,
			);
			name = Products;
			sourceTree = "<group>";
		};
		230BDDFB26BAB66D00518056 /* McollectionViewTest */ = {
			isa = PBXGroup;
			children = (
				230BDE0226BAB66D00518056 /* ViewController.h */,
				230BDE0326BAB66D00518056 /* ViewController.m */,
				480BC34F29AE52F600F4D063 /* Cells */,
				480BC35029AE531800F4D063 /* Models */,
				230BDDFC26BAB66D00518056 /* AppDelegate.h */,
				230BDDFD26BAB66D00518056 /* AppDelegate.m */,
				230BDDFF26BAB66D00518056 /* SceneDelegate.h */,
				230BDE0026BAB66D00518056 /* SceneDelegate.m */,
				230BDE0526BAB66D00518056 /* Main.storyboard */,
				230BDE0826BAB67000518056 /* Assets.xcassets */,
				230BDE0A26BAB67000518056 /* LaunchScreen.storyboard */,
				230BDE0D26BAB67000518056 /* Info.plist */,
				230BDE0E26BAB67000518056 /* main.m */,
			);
			path = McollectionViewTest;
			sourceTree = "<group>";
		};
		2312E01326BE986E00474410 /* MCollectionView */ = {
			isa = PBXGroup;
			children = (
				480BC35529AEEB1800F4D063 /* Categories */,
				2312E01726BE986E00474410 /* MCollectionViewSectionModel.h */,
				2312E01A26BE986E00474410 /* MCollectionViewSectionModel.m */,
				2312E01926BE986E00474410 /* MCollectionView.h */,
				2312E01626BE986E00474410 /* MCollectionView.m */,
				234D703526D39BC60044014E /* MCollectionViewDelegate.h */,
			);
			name = MCollectionView;
			path = ../MCollectionView;
			sourceTree = "<group>";
		};
		480BC34F29AE52F600F4D063 /* Cells */ = {
			isa = PBXGroup;
			children = (
				230BDE2E26BABB4D00518056 /* TextCell.h */,
				230BDE2F26BABB4D00518056 /* TextCell.m */,
				234D703D26D4D2730044014E /* TextCell2.h */,
				234D703E26D4D2730044014E /* TextCell2.m */,
				230BDE3126BABB8B00518056 /* HeaderView.h */,
				230BDE3226BABB8B00518056 /* HeaderView.m */,
				230BDE3426BABB9200518056 /* FooterView.h */,
				230BDE3526BABB9200518056 /* FooterView.m */,
			);
			path = Cells;
			sourceTree = "<group>";
		};
		480BC35029AE531800F4D063 /* Models */ = {
			isa = PBXGroup;
			children = (
				230BDE3D26BABEE500518056 /* TextCellModel.h */,
				230BDE3E26BABEE500518056 /* TextCellModel.m */,
				230BDE3726BABC7400518056 /* FooterModel.h */,
				230BDE3826BABC7400518056 /* FooterModel.m */,
				230BDE3A26BABCC900518056 /* HeaderModel.h */,
				230BDE3B26BABCC900518056 /* HeaderModel.m */,
			);
			path = Models;
			sourceTree = "<group>";
		};
		480BC35529AEEB1800F4D063 /* Categories */ = {
			isa = PBXGroup;
			children = (
				2312E01526BE986E00474410 /* UICollectionReusableView+MCollectionView.h */,
				2312E01B26BE986E00474410 /* UICollectionReusableView+MCollectionView.m */,
				23D6E98126D8C4E7001D37BE /* UIView+ViewController.h */,
				23D6E98026D8C4E7001D37BE /* UIView+ViewController.m */,
				2312E01826BE986E00474410 /* NSObject+MCollectionView.h */,
				2312E01D26BE986E00474410 /* NSObject+MCollectionView.m */,
			);
			path = Categories;
			sourceTree = "<group>";
		};
/* End PBXGroup section */

/* Begin PBXNativeTarget section */
		230BDDF826BAB66D00518056 /* McollectionViewTest */ = {
			isa = PBXNativeTarget;
			buildConfigurationList = 230BDE1226BAB67000518056 /* Build configuration list for PBXNativeTarget "McollectionViewTest" */;
			buildPhases = (
				230BDDF526BAB66D00518056 /* Sources */,
				230BDDF626BAB66D00518056 /* Frameworks */,
				230BDDF726BAB66D00518056 /* Resources */,
			);
			buildRules = (
			);
			dependencies = (
			);
			name = McollectionViewTest;
			productName = McollectionViewTest;
			productReference = 230BDDF926BAB66D00518056 /* McollectionViewTest.app */;
			productType = "com.apple.product-type.application";
		};
/* End PBXNativeTarget section */

/* Begin PBXProject section */
		230BDDF126BAB66C00518056 /* Project object */ = {
			isa = PBXProject;
			attributes = {
				LastUpgradeCheck = 1250;
				TargetAttributes = {
					230BDDF826BAB66D00518056 = {
						CreatedOnToolsVersion = 12.5.1;
					};
				};
			};
			buildConfigurationList = 230BDDF426BAB66C00518056 /* Build configuration list for PBXProject "McollectionViewTest" */;
			compatibilityVersion = "Xcode 9.3";
			developmentRegion = en;
			hasScannedForEncodings = 0;
			knownRegions = (
				en,
				Base,
			);
			mainGroup = 230BDDF026BAB66C00518056;
			productRefGroup = 230BDDFA26BAB66D00518056 /* Products */;
			projectDirPath = "";
			projectRoot = "";
			targets = (
				230BDDF826BAB66D00518056 /* McollectionViewTest */,
			);
		};
/* End PBXProject section */

/* Begin PBXResourcesBuildPhase section */
		230BDDF726BAB66D00518056 /* Resources */ = {
			isa = PBXResourcesBuildPhase;
			buildActionMask = 2147483647;
			files = (
				230BDE0C26BAB67000518056 /* LaunchScreen.storyboard in Resources */,
				230BDE0926BAB67000518056 /* Assets.xcassets in Resources */,
				230BDE0726BAB66D00518056 /* Main.storyboard in Resources */,
			);
			runOnlyForDeploymentPostprocessing = 0;
		};
/* End PBXResourcesBuildPhase section */

/* Begin PBXSourcesBuildPhase section */
		230BDDF526BAB66D00518056 /* Sources */ = {
			isa = PBXSourcesBuildPhase;
			buildActionMask = 2147483647;
			files = (
				2312E01E26BE986E00474410 /* MCollectionView.m in Sources */,
				230BDE3C26BABCC900518056 /* HeaderModel.m in Sources */,
				2312E01F26BE986E00474410 /* MCollectionViewSectionModel.m in Sources */,
				230BDE0426BAB66D00518056 /* ViewController.m in Sources */,
				230BDE3626BABB9200518056 /* FooterView.m in Sources */,
				23D6E98226D8C4E7001D37BE /* UIView+ViewController.m in Sources */,
				230BDDFE26BAB66D00518056 /* AppDelegate.m in Sources */,
				230BDE3026BABB4D00518056 /* TextCell.m in Sources */,
				230BDE3926BABC7400518056 /* FooterModel.m in Sources */,
				230BDE3326BABB8B00518056 /* HeaderView.m in Sources */,
				230BDE0F26BAB67000518056 /* main.m in Sources */,
				234D703F26D4D2730044014E /* TextCell2.m in Sources */,
				230BDE3F26BABEE500518056 /* TextCellModel.m in Sources */,
				2312E02226BE986E00474410 /* NSObject+MCollectionView.m in Sources */,
				230BDE0126BAB66D00518056 /* SceneDelegate.m in Sources */,
				2312E02026BE986E00474410 /* UICollectionReusableView+MCollectionView.m in Sources */,
			);
			runOnlyForDeploymentPostprocessing = 0;
		};
/* End PBXSourcesBuildPhase section */

/* Begin PBXVariantGroup section */
		230BDE0526BAB66D00518056 /* Main.storyboard */ = {
			isa = PBXVariantGroup;
			children = (
				230BDE0626BAB66D00518056 /* Base */,
			);
			name = Main.storyboard;
			sourceTree = "<group>";
		};
		230BDE0A26BAB67000518056 /* LaunchScreen.storyboard */ = {
			isa = PBXVariantGroup;
			children = (
				230BDE0B26BAB67000518056 /* Base */,
			);
			name = LaunchScreen.storyboard;
			sourceTree = "<group>";
		};
/* End PBXVariantGroup section */

/* Begin XCBuildConfiguration section */
		230BDE1026BAB67000518056 /* Debug */ = {
			isa = XCBuildConfiguration;
			buildSettings = {
				ALWAYS_SEARCH_USER_PATHS = NO;
				CLANG_ANALYZER_NONNULL = YES;
				CLANG_ANALYZER_NUMBER_OBJECT_CONVERSION = YES_AGGRESSIVE;
				CLANG_CXX_LANGUAGE_STANDARD = "gnu++14";
				CLANG_CXX_LIBRARY = "libc++";
				CLANG_ENABLE_MODULES = YES;
				CLANG_ENABLE_OBJC_ARC = YES;
				CLANG_ENABLE_OBJC_WEAK = YES;
				CLANG_WARN_BLOCK_CAPTURE_AUTORELEASING = YES;
				CLANG_WARN_BOOL_CONVERSION = YES;
				CLANG_WARN_COMMA = YES;
				CLANG_WARN_CONSTANT_CONVERSION = YES;
				CLANG_WARN_DEPRECATED_OBJC_IMPLEMENTATIONS = YES;
				CLANG_WARN_DIRECT_OBJC_ISA_USAGE = YES_ERROR;
				CLANG_WARN_DOCUMENTATION_COMMENTS = YES;
				CLANG_WARN_EMPTY_BODY = YES;
				CLANG_WARN_ENUM_CONVERSION = YES;
				CLANG_WARN_INFINITE_RECURSION = YES;
				CLANG_WARN_INT_CONVERSION = YES;
				CLANG_WARN_NON_LITERAL_NULL_CONVERSION = YES;
				CLANG_WARN_OBJC_IMPLICIT_RETAIN_SELF = YES;
				CLANG_WARN_OBJC_LITERAL_CONVERSION = YES;
				CLANG_WARN_OBJC_ROOT_CLASS = YES_ERROR;
				CLANG_WARN_QUOTED_INCLUDE_IN_FRAMEWORK_HEADER = YES;
				CLANG_WARN_RANGE_LOOP_ANALYSIS = YES;
				CLANG_WARN_STRICT_PROTOTYPES = YES;
				CLANG_WARN_SUSPICIOUS_MOVE = YES;
				CLANG_WARN_UNGUARDED_AVAILABILITY = YES_AGGRESSIVE;
				CLANG_WARN_UNREACHABLE_CODE = YES;
				CLANG_WARN__DUPLICATE_METHOD_MATCH = YES;
				COPY_PHASE_STRIP = NO;
				DEBUG_INFORMATION_FORMAT = dwarf;
				ENABLE_STRICT_OBJC_MSGSEND = YES;
				ENABLE_TESTABILITY = YES;
				GCC_C_LANGUAGE_STANDARD = gnu11;
				GCC_DYNAMIC_NO_PIC = NO;
				GCC_NO_COMMON_BLOCKS = YES;
				GCC_OPTIMIZATION_LEVEL = 0;
				GCC_PREPROCESSOR_DEFINITIONS = (
					"DEBUG=1",
					"$(inherited)",
				);
				GCC_WARN_64_TO_32_BIT_CONVERSION = YES;
				GCC_WARN_ABOUT_RETURN_TYPE = YES_ERROR;
				GCC_WARN_UNDECLARED_SELECTOR = YES;
				GCC_WARN_UNINITIALIZED_AUTOS = YES_AGGRESSIVE;
				GCC_WARN_UNUSED_FUNCTION = YES;
				GCC_WARN_UNUSED_VARIABLE = YES;
				IPHONEOS_DEPLOYMENT_TARGET = 9.0;
				MTL_ENABLE_DEBUG_INFO = INCLUDE_SOURCE;
				MTL_FAST_MATH = YES;
				ONLY_ACTIVE_ARCH = YES;
				SDKROOT = iphoneos;
			};
			name = Debug;
		};
		230BDE1126BAB67000518056 /* Release */ = {
			isa = XCBuildConfiguration;
			buildSettings = {
				ALWAYS_SEARCH_USER_PATHS = NO;
				CLANG_ANALYZER_NONNULL = YES;
				CLANG_ANALYZER_NUMBER_OBJECT_CONVERSION = YES_AGGRESSIVE;
				CLANG_CXX_LANGUAGE_STANDARD = "gnu++14";
				CLANG_CXX_LIBRARY = "libc++";
				CLANG_ENABLE_MODULES = YES;
				CLANG_ENABLE_OBJC_ARC = YES;
				CLANG_ENABLE_OBJC_WEAK = YES;
				CLANG_WARN_BLOCK_CAPTURE_AUTORELEASING = YES;
				CLANG_WARN_BOOL_CONVERSION = YES;
				CLANG_WARN_COMMA = YES;
				CLANG_WARN_CONSTANT_CONVERSION = YES;
				CLANG_WARN_DEPRECATED_OBJC_IMPLEMENTATIONS = YES;
				CLANG_WARN_DIRECT_OBJC_ISA_USAGE = YES_ERROR;
				CLANG_WARN_DOCUMENTATION_COMMENTS = YES;
				CLANG_WARN_EMPTY_BODY = YES;
				CLANG_WARN_ENUM_CONVERSION = YES;
				CLANG_WARN_INFINITE_RECURSION = YES;
				CLANG_WARN_INT_CONVERSION = YES;
				CLANG_WARN_NON_LITERAL_NULL_CONVERSION = YES;
				CLANG_WARN_OBJC_IMPLICIT_RETAIN_SELF = YES;
				CLANG_WARN_OBJC_LITERAL_CONVERSION = YES;
				CLANG_WARN_OBJC_ROOT_CLASS = YES_ERROR;
				CLANG_WARN_QUOTED_INCLUDE_IN_FRAMEWORK_HEADER = YES;
				CLANG_WARN_RANGE_LOOP_ANALYSIS = YES;
				CLANG_WARN_STRICT_PROTOTYPES = YES;
				CLANG_WARN_SUSPICIOUS_MOVE = YES;
				CLANG_WARN_UNGUARDED_AVAILABILITY = YES_AGGRESSIVE;
				CLANG_WARN_UNREACHABLE_CODE = YES;
				CLANG_WARN__DUPLICATE_METHOD_MATCH = YES;
				COPY_PHASE_STRIP = NO;
				DEBUG_INFORMATION_FORMAT = "dwarf-with-dsym";
				ENABLE_NS_ASSERTIONS = NO;
				ENABLE_STRICT_OBJC_MSGSEND = YES;
				GCC_C_LANGUAGE_STANDARD = gnu11;
				GCC_NO_COMMON_BLOCKS = YES;
				GCC_WARN_64_TO_32_BIT_CONVERSION = YES;
				GCC_WARN_ABOUT_RETURN_TYPE = YES_ERROR;
				GCC_WARN_UNDECLARED_SELECTOR = YES;
				GCC_WARN_UNINITIALIZED_AUTOS = YES_AGGRESSIVE;
				GCC_WARN_UNUSED_FUNCTION = YES;
				GCC_WARN_UNUSED_VARIABLE = YES;
				IPHONEOS_DEPLOYMENT_TARGET = 9.0;
				MTL_ENABLE_DEBUG_INFO = NO;
				MTL_FAST_MATH = YES;
				SDKROOT = iphoneos;
				VALIDATE_PRODUCT = YES;
			};
			name = Release;
		};
		230BDE1326BAB67000518056 /* Debug */ = {
			isa = XCBuildConfiguration;
			buildSettings = {
				ASSETCATALOG_COMPILER_APPICON_NAME = AppIcon;
				ASSETCATALOG_COMPILER_GLOBAL_ACCENT_COLOR_NAME = AccentColor;
				CODE_SIGN_STYLE = Automatic;
				DEVELOPMENT_TEAM = KVX8FV3VE3;
				INFOPLIST_FILE = McollectionViewTest/Info.plist;
				LD_RUNPATH_SEARCH_PATHS = (
					"$(inherited)",
					"@executable_path/Frameworks",
				);
				PRODUCT_BUNDLE_IDENTIFIER = com.xueersi.wxiosdev.McollectionViewTest;
				PRODUCT_NAME = "$(TARGET_NAME)";
				TARGETED_DEVICE_FAMILY = "1,2";
			};
			name = Debug;
		};
		230BDE1426BAB67000518056 /* Release */ = {
			isa = XCBuildConfiguration;
			buildSettings = {
				ASSETCATALOG_COMPILER_APPICON_NAME = AppIcon;
				ASSETCATALOG_COMPILER_GLOBAL_ACCENT_COLOR_NAME = AccentColor;
				CODE_SIGN_STYLE = Automatic;
				DEVELOPMENT_TEAM = KVX8FV3VE3;
				INFOPLIST_FILE = McollectionViewTest/Info.plist;
				LD_RUNPATH_SEARCH_PATHS = (
					"$(inherited)",
					"@executable_path/Frameworks",
				);
				PRODUCT_BUNDLE_IDENTIFIER = com.xueersi.wxiosdev.McollectionViewTest;
				PRODUCT_NAME = "$(TARGET_NAME)";
				TARGETED_DEVICE_FAMILY = "1,2";
			};
			name = Release;
		};
/* End XCBuildConfiguration section */

/* Begin XCConfigurationList section */
		230BDDF426BAB66C00518056 /* Build configuration list for PBXProject "McollectionViewTest" */ = {
			isa = XCConfigurationList;
			buildConfigurations = (
				230BDE1026BAB67000518056 /* Debug */,
				230BDE1126BAB67000518056 /* Release */,
			);
			defaultConfigurationIsVisible = 0;
			defaultConfigurationName = Release;
		};
		230BDE1226BAB67000518056 /* Build configuration list for PBXNativeTarget "McollectionViewTest" */ = {
			isa = XCConfigurationList;
			buildConfigurations = (
				230BDE1326BAB67000518056 /* Debug */,
				230BDE1426BAB67000518056 /* Release */,
			);
			defaultConfigurationIsVisible = 0;
			defaultConfigurationName = Release;
		};
/* End XCConfigurationList section */
	};
	rootObject = 230BDDF126BAB66C00518056 /* Project object */;
}
